
Microsoft Visual Studio Solution File, Format Version 12.00
# Visual Studio Version 17
VisualStudioVersion = 17.3.32804.467
MinimumVisualStudioVersion = 10.0.40219.1
Project("{9A19103F-16F7-4668-BE54-9A1E7A4F7556}") = "Planejamento Tributario", "Planejamento Tributario\Planejamento Tributario.csproj", "{3A2B68BF-1735-44F4-9371-7190EBF171F6}"
EndProject
Project("{FAE04EC0-301F-11D3-BF4B-00C04F79EFBC}") = "Entidades", "Entidades\Entidades.csproj", "{A0F5EE66-E4BB-4A5A-91C8-2F7F6B2A0151}"
EndProject
Project("{FAE04EC0-301F-11D3-BF4B-00C04F79EFBC}") = "Dominio", "Dominio\Dominio.csproj", "{F3946279-2A54-45C6-A3B3-416F29DEC388}"
EndProject
Project("{FAE04EC0-301F-11D3-BF4B-00C04F79EFBC}") = "Infra", "Infra\Infra.csproj", "{137503D2-7471-4F17-9FBA-E853D34CCEAD}"
EndProject
Global
	GlobalSection(SolutionConfigurationPlatforms) = preSolution
		Debug|Any CPU = Debug|Any CPU
		Release|Any CPU = Release|Any CPU
	EndGlobalSection
	GlobalSection(ProjectConfigurationPlatforms) = postSolution
		{3A2B68BF-1735-44F4-9371-7190EBF171F6}.Debug|Any CPU.ActiveCfg = Debug|Any CPU
		{3A2B68BF-1735-44F4-9371-7190EBF171F6}.Debug|Any CPU.Build.0 = Debug|Any CPU
		{3A2B68BF-1735-44F4-9371-7190EBF171F6}.Release|Any CPU.ActiveCfg = Release|Any CPU
		{3A2B68BF-1735-44F4-9371-7190EBF171F6}.Release|Any CPU.Build.0 = Release|Any CPU
		{A0F5EE66-E4BB-4A5A-91C8-2F7F6B2A0151}.Debug|Any CPU.ActiveCfg = Debug|Any CPU
		{A0F5EE66-E4BB-4A5A-91C8-2F7F6B2A0151}.Debug|Any CPU.Build.0 = Debug|Any CPU
		{A0F5EE66-E4BB-4A5A-91C8-2F7F6B2A0151}.Release|Any CPU.ActiveCfg = Release|Any CPU
		{A0F5EE66-E4BB-4A5A-91C8-2F7F6B2A0151}.Release|Any CPU.Build.0 = Release|Any CPU
		{F3946279-2A54-45C6-A3B3-416F29DEC388}.Debug|Any CPU.ActiveCfg = Debug|Any CPU
		{F3946279-2A54-45C6-A3B3-416F29DEC388}.Debug|Any CPU.Build.0 = Debug|Any CPU
		{F3946279-2A54-45C6-A3B3-416F29DEC388}.Release|Any CPU.ActiveCfg = Release|Any CPU
		{F3946279-2A54-45C6-A3B3-416F29DEC388}.Release|Any CPU.Build.0 = Release|Any CPU
		{137503D2-7471-4F17-9FBA-E853D34CCEAD}.Debug|Any CPU.ActiveCfg = Debug|Any CPU
		{137503D2-7471-4F17-9FBA-E853D34CCEAD}.Debug|Any CPU.Build.0 = Debug|Any CPU
		{137503D2-7471-4F17-9FBA-E853D34CCEAD}.Release|Any CPU.ActiveCfg = Release|Any CPU
		{137503D2-7471-4F17-9FBA-E853D34CCEAD}.Release|Any CPU.Build.0 = Release|Any CPU
	EndGlobalSection
	GlobalSection(SolutionProperties) = preSolution
		HideSolutionNode = FALSE
	EndGlobalSection
	GlobalSection(ExtensibilityGlobals) = postSolution
		SolutionGuid = {D9633D9E-3932-479F-9983-7BD71A838702}
	EndGlobalSection
EndGlobal
